{
  "markbot": "6fa2b4e06b616367325b5d83cebda04f915b6647529d2b9666307bd245c372bd",
  "markbotignore": "030a4e6e1b3b6b510514a7ae54576e2c2ef762d56236c6414ef634955d96a126",
  "index.html": "309dde6b217c6faa252716f486dc911cf4b683be46bc6ca320dfe29e25ab754c",
  "index-1000.png": "f7c61caacd0b81ebe72168f143f567cbffd8bdd7f46580c89ee5db759f06e09f"
}